# THIS IS AN AUTOGENERATED FILE. DO NOT EDIT THIS FILE DIRECTLY.
# yarn lockfile v1


eventemitter2@^4.1.0:
  version "4.1.2"
  resolved "https://registry.yarnpkg.com/eventemitter2/-/eventemitter2-4.1.2.tgz#0e1a8477af821a6ef3995b311bf74c23a5247f15"
  integrity sha1-DhqEd6+CGm7zmVsxG/dMI6UkfxU=

formapi@^1.0.0:
  version "1.0.2"
  resolved "https://registry.yarnpkg.com/formapi/-/formapi-1.0.2.tgz#43a5d557a0b55045c1c62a991ecd725d4cd41528"
  integrity sha512-fembCTuFr+qBNHpyS5NvPZFj+MjoMmkWN6YN+thPxA65Ou1a9KzNAXU1UIAngraPPdC/yqB5344aIYmnvpMwDQ==
  dependencies:
    eventemitter2 "^4.1.0"
    qs "^6.5.0"
    validate.js "^0.11.1"
    whatwg-fetch "^2.0.3"

qs@^6.5.0:
  version "6.6.0"
  resolved "https://registry.yarnpkg.com/qs/-/qs-6.6.0.tgz#a99c0f69a8d26bf7ef012f871cdabb0aee4424c2"
  integrity sha512-KIJqT9jQJDQx5h5uAVPimw6yVg2SekOKu959OCtktD3FjzbpvaPr8i4zzg07DOMz+igA4W/aNM7OV8H37pFYfA==

validate.js@^0.11.1:
  version "0.11.1"
  resolved "https://registry.yarnpkg.com/validate.js/-/validate.js-0.11.1.tgz#f51c3c6c4a56e6380a20a7eb104245037f2a540d"
  integrity sha1-9Rw8bEpW5jgKIKfrEEJFA38qVA0=

whatwg-fetch@^2.0.3:
  version "2.0.4"
  resolved "https://registry.yarnpkg.com/whatwg-fetch/-/whatwg-fetch-2.0.4.tgz#dde6a5df315f9d39991aa17621853d720b85566f"
  integrity sha512-dcQ1GWpOD/eEQ97k66aiEVpNnapVj90/+R+SXTPYGHpYBBypfKJEQjLrvMZ7YXbKm21gXd4NcuxUTjiv1YtLng==
